<?xml version="1.0" encoding="utf-8"?>
<Project ToolsVersion="4.0" xmlns="http://schemas.microsoft.com/developer/msbuild/2003">
  <ItemGroup>
    <Filter Include="Source Files">
      <UniqueIdentifier>{4FC737F1-C7A5-4376-A066-2A32D752A2FF}</UniqueIdentifier>
      <Extensions>cpp;c;cc;cxx;def;odl;idl;hpj;bat;asm;asmx</Extensions>
    </Filter>
    <Filter Include="Source Files\DXGI">
      <UniqueIdentifier>{be3cdfce-319e-4b1a-adb7-47d32445f2c0}</UniqueIdentifier>
    </Filter>
    <Filter Include="Source Files\Common">
      <UniqueIdentifier>{87732a53-8515-4d4d-9dcf-8f6b2bb51f18}</UniqueIdentifier>
    </Filter>
    <Filter Include="Source Files\D3D10">
      <UniqueIdentifier>{2179e2c6-7262-48fc-993d-05db255d91f6}</UniqueIdentifier>
    </Filter>
    <Filter Include="Source Files\D3D10\Core">
      <UniqueIdentifier>{95d601f0-0ca4-4dae-bdf6-44e8231f9ae4}</UniqueIdentifier>
    </Filter>
    <Filter Include="Source Files\D3D10\Core\GraphicsPipeline">
      <UniqueIdentifier>{9d649ad6-b0b5-4d9e-bd79-8a206eca96d0}</UniqueIdentifier>
    </Filter>
    <Filter Include="Source Files\D3D10\Resource">
      <UniqueIdentifier>{995a62a0-8074-4518-80c5-74d2976ff8bb}</UniqueIdentifier>
    </Filter>
    <Filter Include="Source Files\D3D10\Shader">
      <UniqueIdentifier>{254e8777-0dc4-417e-be6c-2f3eaf2b398a}</UniqueIdentifier>
    </Filter>
    <Filter Include="Source Files\D3D10\Effect">
      <UniqueIdentifier>{121b601c-29a9-459d-80fc-315c341246dd}</UniqueIdentifier>
    </Filter>
    <Filter Include="Source Files\D3D11">
      <UniqueIdentifier>{6927e371-3de8-41cb-9643-a1201664f081}</UniqueIdentifier>
    </Filter>
    <Filter Include="Source Files\D3D11\Core">
      <UniqueIdentifier>{c80384a9-6c9f-409b-93be-ef63e4bceaa5}</UniqueIdentifier>
    </Filter>
    <Filter Include="Source Files\D3D11\Core\GraphicsPipeline">
      <UniqueIdentifier>{f5a5f14f-cb3d-4a04-8070-28817ae649b6}</UniqueIdentifier>
    </Filter>
    <Filter Include="Source Files\D3D11\Layer">
      <UniqueIdentifier>{515e52ab-0d08-45e6-b163-172e6a58989f}</UniqueIdentifier>
    </Filter>
    <Filter Include="Source Files\D3D11\Shader">
      <UniqueIdentifier>{75ad1631-da5e-4d03-abe7-100d04f51bf5}</UniqueIdentifier>
    </Filter>
    <Filter Include="Source Files\D3D11\Resource">
      <UniqueIdentifier>{3d63e3a0-17fa-4a64-8cae-97646e76cd93}</UniqueIdentifier>
    </Filter>
    <Filter Include="Source Files\D2D1">
      <UniqueIdentifier>{296bc3bb-65ef-4f48-9590-5eb4342ebf41}</UniqueIdentifier>
    </Filter>
    <Filter Include="Source Files\WIC">
      <UniqueIdentifier>{9ec01db9-f394-4d43-abce-2da7e0f61806}</UniqueIdentifier>
    </Filter>
    <Filter Include="Source Files\DWrite">
      <UniqueIdentifier>{cb2da0d2-8869-4257-9329-a2d10e1ffa95}</UniqueIdentifier>
    </Filter>
    <Filter Include="Source Files\D3DCommon">
      <UniqueIdentifier>{df819201-3f55-4402-a511-b85e20ab9d1e}</UniqueIdentifier>
    </Filter>
    <Filter Include="Header Files">
      <UniqueIdentifier>{93995380-89BD-4b04-88EB-625FBE52EBFB}</UniqueIdentifier>
      <Extensions>h;hpp;hxx;hm;inl;inc;xsd</Extensions>
    </Filter>
    <Filter Include="Header Files\DXGI">
      <UniqueIdentifier>{acac7659-862c-4466-9f08-efd6842e5d62}</UniqueIdentifier>
    </Filter>
    <Filter Include="Header Files\Common">
      <UniqueIdentifier>{f0e5bd99-cc7f-4c3a-8a2b-f925444e0bd2}</UniqueIdentifier>
    </Filter>
    <Filter Include="Header Files\D3D10">
      <UniqueIdentifier>{02c6e2ff-f9f1-45ac-ae6c-bf1db1111a47}</UniqueIdentifier>
    </Filter>
    <Filter Include="Header Files\D3D10\Core">
      <UniqueIdentifier>{b6986e33-129c-4bac-ab55-2feb1efd3841}</UniqueIdentifier>
    </Filter>
    <Filter Include="Header Files\D3D10\Core\GraphicsPipeline">
      <UniqueIdentifier>{028bc895-9c42-42f0-80ea-8023d9c905ea}</UniqueIdentifier>
    </Filter>
    <Filter Include="Header Files\D3D10\Effect">
      <UniqueIdentifier>{e2c35a5d-58d2-459a-a32c-15a2e7b9f616}</UniqueIdentifier>
    </Filter>
    <Filter Include="Header Files\D3D10\Shader">
      <UniqueIdentifier>{f6f132bf-f8da-4a12-8f7a-261f7210c75b}</UniqueIdentifier>
    </Filter>
    <Filter Include="Header Files\D3D10\Resource">
      <UniqueIdentifier>{22cd46e0-cff1-435f-9c27-fb172c4f95e2}</UniqueIdentifier>
    </Filter>
    <Filter Include="Header Files\D3D11">
      <UniqueIdentifier>{4aa23929-13d9-4472-babc-581e00e342c3}</UniqueIdentifier>
    </Filter>
    <Filter Include="Header Files\D3D11\Core">
      <UniqueIdentifier>{495bc8e3-4e82-4e9a-ba56-e99cb85ef2a0}</UniqueIdentifier>
    </Filter>
    <Filter Include="Header Files\D3D11\Core\GraphicsPipeline">
      <UniqueIdentifier>{e6c1ca36-9354-4a63-a494-364f420e0526}</UniqueIdentifier>
    </Filter>
    <Filter Include="Header Files\D3D11\Layer">
      <UniqueIdentifier>{541d19bf-5e0c-43da-afac-956ec86051b0}</UniqueIdentifier>
    </Filter>
    <Filter Include="Header Files\D3D11\Shader">
      <UniqueIdentifier>{e72e3083-880a-4826-9186-2560f52ddcb2}</UniqueIdentifier>
    </Filter>
    <Filter Include="Header Files\D3D11\Resource">
      <UniqueIdentifier>{c83e1383-2c94-4e18-8ef6-cc43bab04ae5}</UniqueIdentifier>
    </Filter>
    <Filter Include="Header Files\DWrite">
      <UniqueIdentifier>{38fc9f62-4d15-41b9-b809-19b54a52a080}</UniqueIdentifier>
    </Filter>
    <Filter Include="Header Files\D2D1">
      <UniqueIdentifier>{4404a08c-1161-403e-b956-7c13e38f5337}</UniqueIdentifier>
    </Filter>
    <Filter Include="Header Files\WIC">
      <UniqueIdentifier>{aab6159d-8ef3-4bcb-a267-d3f081294354}</UniqueIdentifier>
    </Filter>
    <Filter Include="Header Files\D3DCommon">
      <UniqueIdentifier>{c813d823-3d05-4b6c-985a-e27ec8cfed70}</UniqueIdentifier>
    </Filter>
  </ItemGroup>
  <ItemGroup>
    <ClCompile Include="AssemblyInfo.cpp">
      <Filter>Source Files</Filter>
    </ClCompile>
    <ClCompile Include="GlobalSuppressions.cpp">
      <Filter>Source Files</Filter>
    </ClCompile>
    <ClCompile Include="Stdafx.cpp">
      <Filter>Source Files</Filter>
    </ClCompile>
    <ClCompile Include="DXGI\DXGIAdapter.cpp">
      <Filter>Source Files\DXGI</Filter>
    </ClCompile>
    <ClCompile Include="DXGI\DXGIAdapter1.cpp">
      <Filter>Source Files\DXGI</Filter>
    </ClCompile>
    <ClCompile Include="DXGI\DXGIDevice.cpp">
      <Filter>Source Files\DXGI</Filter>
    </ClCompile>
    <ClCompile Include="DXGI\DXGIDevice1.cpp">
      <Filter>Source Files\DXGI</Filter>
    </ClCompile>
    <ClCompile Include="DXGI\DXGIDeviceSubObject.cpp">
      <Filter>Source Files\DXGI</Filter>
    </ClCompile>
    <ClCompile Include="DXGI\DXGIException.cpp">
      <Filter>Source Files\DXGI</Filter>
    </ClCompile>
    <ClCompile Include="DXGI\DXGIFactory.cpp">
      <Filter>Source Files\DXGI</Filter>
    </ClCompile>
    <ClCompile Include="DXGI\DXGIFactory1.cpp">
      <Filter>Source Files\DXGI</Filter>
    </ClCompile>
    <ClCompile Include="DXGI\DXGIKeyedMutex.cpp">
      <Filter>Source Files\DXGI</Filter>
    </ClCompile>
    <ClCompile Include="DXGI\DXGIObject.cpp">
      <Filter>Source Files\DXGI</Filter>
    </ClCompile>
    <ClCompile Include="DXGI\DXGIOutput.cpp">
      <Filter>Source Files\DXGI</Filter>
    </ClCompile>
    <ClCompile Include="DXGI\DXGIResource.cpp">
      <Filter>Source Files\DXGI</Filter>
    </ClCompile>
    <ClCompile Include="DXGI\DXGIStructs.cpp">
      <Filter>Source Files\DXGI</Filter>
    </ClCompile>
    <ClCompile Include="DXGI\DXGISurface.cpp">
      <Filter>Source Files\DXGI</Filter>
    </ClCompile>
    <ClCompile Include="DXGI\DXGISurface1.cpp">
      <Filter>Source Files\DXGI</Filter>
    </ClCompile>
    <ClCompile Include="DXGI\DXGISwapChain.cpp">
      <Filter>Source Files\DXGI</Filter>
    </ClCompile>
    <ClCompile Include="AutoIUnknown.cpp">
      <Filter>Source Files\Common</Filter>
    </ClCompile>
    <ClCompile Include="AutoPointer.cpp">
      <Filter>Source Files\Common</Filter>
    </ClCompile>
    <ClCompile Include="CommonUtils.cpp">
      <Filter>Source Files\Common</Filter>
    </ClCompile>
    <ClCompile Include="Convert.cpp">
      <Filter>Source Files\Common</Filter>
    </ClCompile>
    <ClCompile Include="DirectHelpers.cpp">
      <Filter>Source Files\Common</Filter>
    </ClCompile>
    <ClCompile Include="DirectObject.cpp">
      <Filter>Source Files\Common</Filter>
    </ClCompile>
    <ClCompile Include="DirectUnknown.cpp">
      <Filter>Source Files\Common</Filter>
    </ClCompile>
    <ClCompile Include="LibraryLoader.cpp">
      <Filter>Source Files\Common</Filter>
    </ClCompile>
    <ClCompile Include="Validate.cpp">
      <Filter>Source Files\Common</Filter>
    </ClCompile>
    <ClCompile Include="Direct3D10\D3D10Structs.cpp">
      <Filter>Source Files\D3D10</Filter>
    </ClCompile>
    <ClCompile Include="Direct3D10\D3D10Asynchronous.cpp">
      <Filter>Source Files\D3D10\Core</Filter>
    </ClCompile>
    <ClCompile Include="Direct3D10\D3D10BlendState.cpp">
      <Filter>Source Files\D3D10\Core</Filter>
    </ClCompile>
    <ClCompile Include="Direct3D10\D3D10BlendState1.cpp">
      <Filter>Source Files\D3D10\Core</Filter>
    </ClCompile>
    <ClCompile Include="Direct3D10\D3D10Blob.cpp">
      <Filter>Source Files\D3D10\Core</Filter>
    </ClCompile>
    <ClCompile Include="Direct3D10\D3D10Counter.cpp">
      <Filter>Source Files\D3D10\Core</Filter>
    </ClCompile>
    <ClCompile Include="Direct3D10\D3D10Debug.cpp">
      <Filter>Source Files\D3D10\Core</Filter>
    </ClCompile>
    <ClCompile Include="Direct3D10\D3D10DepthStencilState.cpp">
      <Filter>Source Files\D3D10\Core</Filter>
    </ClCompile>
    <ClCompile Include="Direct3D10\D3D10Device.cpp">
      <Filter>Source Files\D3D10\Core</Filter>
    </ClCompile>
    <ClCompile Include="Direct3D10\D3D10Device1.cpp">
      <Filter>Source Files\D3D10\Core</Filter>
    </ClCompile>
    <ClCompile Include="Direct3D10\D3D10DeviceChild.cpp">
      <Filter>Source Files\D3D10\Core</Filter>
    </ClCompile>
    <ClCompile Include="Direct3D10\D3D10Include.cpp">
      <Filter>Source Files\D3D10\Core</Filter>
    </ClCompile>
    <ClCompile Include="Direct3D10\D3D10InfoQueue.cpp">
      <Filter>Source Files\D3D10\Core</Filter>
    </ClCompile>
    <ClCompile Include="Direct3D10\D3D10InputLayout.cpp">
      <Filter>Source Files\D3D10\Core</Filter>
    </ClCompile>
    <ClCompile Include="Direct3D10\D3D10Multithread.cpp">
      <Filter>Source Files\D3D10\Core</Filter>
    </ClCompile>
    <ClCompile Include="Direct3D10\D3D10Predicate.cpp">
      <Filter>Source Files\D3D10\Core</Filter>
    </ClCompile>
    <ClCompile Include="Direct3D10\D3D10Query.cpp">
      <Filter>Source Files\D3D10\Core</Filter>
    </ClCompile>
    <ClCompile Include="Direct3D10\D3D10RasterizerState.cpp">
      <Filter>Source Files\D3D10\Core</Filter>
    </ClCompile>
    <ClCompile Include="Direct3D10\D3D10SamplerState.cpp">
      <Filter>Source Files\D3D10\Core</Filter>
    </ClCompile>
    <ClCompile Include="Direct3D10\D3D10StateBlock.cpp">
      <Filter>Source Files\D3D10\Core</Filter>
    </ClCompile>
    <ClCompile Include="Direct3D10\D3D10StateBlockMask.cpp">
      <Filter>Source Files\D3D10\Core</Filter>
    </ClCompile>
    <ClCompile Include="Direct3D10\D3D10SwitchToRef.cpp">
      <Filter>Source Files\D3D10\Core</Filter>
    </ClCompile>
    <ClCompile Include="Direct3D10\D3D10GeometryShaderPipelineStage.cpp">
      <Filter>Source Files\D3D10\Core\GraphicsPipeline</Filter>
    </ClCompile>
    <ClCompile Include="Direct3D10\D3D10InputAssemblerPipelineStage.cpp">
      <Filter>Source Files\D3D10\Core\GraphicsPipeline</Filter>
    </ClCompile>
    <ClCompile Include="Direct3D10\D3D10OutputMergerPipelineStage.cpp">
      <Filter>Source Files\D3D10\Core\GraphicsPipeline</Filter>
    </ClCompile>
    <ClCompile Include="Direct3D10\D3D10PipelineStage.cpp">
      <Filter>Source Files\D3D10\Core\GraphicsPipeline</Filter>
    </ClCompile>
    <ClCompile Include="Direct3D10\D3D10PixelShaderPipelineStage.cpp">
      <Filter>Source Files\D3D10\Core\GraphicsPipeline</Filter>
    </ClCompile>
    <ClCompile Include="Direct3D10\D3D10RasterizerPipelineStage.cpp">
      <Filter>Source Files\D3D10\Core\GraphicsPipeline</Filter>
    </ClCompile>
    <ClCompile Include="Direct3D10\D3D10StreamOutputPipelineStage.cpp">
      <Filter>Source Files\D3D10\Core\GraphicsPipeline</Filter>
    </ClCompile>
    <ClCompile Include="Direct3D10\D3D10VertexShaderPipelineStage.cpp">
      <Filter>Source Files\D3D10\Core\GraphicsPipeline</Filter>
    </ClCompile>
    <ClCompile Include="Direct3D10\D3D10Buffer.cpp">
      <Filter>Source Files\D3D10\Resource</Filter>
    </ClCompile>
    <ClCompile Include="Direct3D10\D3D10DepthStencilView.cpp">
      <Filter>Source Files\D3D10\Resource</Filter>
    </ClCompile>
    <ClCompile Include="Direct3D10\D3D10RenderTargetView.cpp">
      <Filter>Source Files\D3D10\Resource</Filter>
    </ClCompile>
    <ClCompile Include="Direct3D10\D3D10Resource.cpp">
      <Filter>Source Files\D3D10\Resource</Filter>
    </ClCompile>
    <ClCompile Include="Direct3D10\D3D10ShaderResourceView.cpp">
      <Filter>Source Files\D3D10\Resource</Filter>
    </ClCompile>
    <ClCompile Include="Direct3D10\D3D10ShaderResourceView1.cpp">
      <Filter>Source Files\D3D10\Resource</Filter>
    </ClCompile>
    <ClCompile Include="Direct3D10\D3D10Texture1D.cpp">
      <Filter>Source Files\D3D10\Resource</Filter>
    </ClCompile>
    <ClCompile Include="Direct3D10\D3D10Texture2D.cpp">
      <Filter>Source Files\D3D10\Resource</Filter>
    </ClCompile>
    <ClCompile Include="Direct3D10\D3D10Texture3D.cpp">
      <Filter>Source Files\D3D10\Resource</Filter>
    </ClCompile>
    <ClCompile Include="Direct3D10\D3D10View.cpp">
      <Filter>Source Files\D3D10\Resource</Filter>
    </ClCompile>
    <ClCompile Include="Direct3D10\D3D10GeometryShader.cpp">
      <Filter>Source Files\D3D10\Shader</Filter>
    </ClCompile>
    <ClCompile Include="Direct3D10\D3D10PixelShader.cpp">
      <Filter>Source Files\D3D10\Shader</Filter>
    </ClCompile>
    <ClCompile Include="Direct3D10\D3D10ShaderReflection.cpp">
      <Filter>Source Files\D3D10\Shader</Filter>
    </ClCompile>
    <ClCompile Include="Direct3D10\D3D10ShaderReflection1.cpp">
      <Filter>Source Files\D3D10\Shader</Filter>
    </ClCompile>
    <ClCompile Include="Direct3D10\D3D10ShaderReflectionConstantBuffer.cpp">
      <Filter>Source Files\D3D10\Shader</Filter>
    </ClCompile>
    <ClCompile Include="Direct3D10\D3D10ShaderReflectionType.cpp">
      <Filter>Source Files\D3D10\Shader</Filter>
    </ClCompile>
    <ClCompile Include="Direct3D10\D3D10ShaderReflectionVariable.cpp">
      <Filter>Source Files\D3D10\Shader</Filter>
    </ClCompile>
    <ClCompile Include="Direct3D10\D3D10VertexShader.cpp">
      <Filter>Source Files\D3D10\Shader</Filter>
    </ClCompile>
    <ClCompile Include="Direct3D10\D3D10Effect.cpp">
      <Filter>Source Files\D3D10\Effect</Filter>
    </ClCompile>
    <ClCompile Include="Direct3D10\D3D10EffectBlendVariable.cpp">
      <Filter>Source Files\D3D10\Effect</Filter>
    </ClCompile>
    <ClCompile Include="Direct3D10\D3D10EffectConstantBuffer.cpp">
      <Filter>Source Files\D3D10\Effect</Filter>
    </ClCompile>
    <ClCompile Include="Direct3D10\D3D10EffectDepthStencilVariable.cpp">
      <Filter>Source Files\D3D10\Effect</Filter>
    </ClCompile>
    <ClCompile Include="Direct3D10\D3D10EffectDepthStencilViewVariable.cpp">
      <Filter>Source Files\D3D10\Effect</Filter>
    </ClCompile>
    <ClCompile Include="Direct3D10\D3D10EffectMatrixVariable.cpp">
      <Filter>Source Files\D3D10\Effect</Filter>
    </ClCompile>
    <ClCompile Include="Direct3D10\D3D10EffectPass.cpp">
      <Filter>Source Files\D3D10\Effect</Filter>
    </ClCompile>
    <ClCompile Include="Direct3D10\D3D10EffectPool.cpp">
      <Filter>Source Files\D3D10\Effect</Filter>
    </ClCompile>
    <ClCompile Include="Direct3D10\D3D10EffectRasterizerVariable.cpp">
      <Filter>Source Files\D3D10\Effect</Filter>
    </ClCompile>
    <ClCompile Include="Direct3D10\D3D10EffectRenderTargetViewVariable.cpp">
      <Filter>Source Files\D3D10\Effect</Filter>
    </ClCompile>
    <ClCompile Include="Direct3D10\D3D10EffectSamplerVariable.cpp">
      <Filter>Source Files\D3D10\Effect</Filter>
    </ClCompile>
    <ClCompile Include="Direct3D10\D3D10EffectScalarVariable.cpp">
      <Filter>Source Files\D3D10\Effect</Filter>
    </ClCompile>
    <ClCompile Include="Direct3D10\D3D10EffectShaderResourceVariable.cpp">
      <Filter>Source Files\D3D10\Effect</Filter>
    </ClCompile>
    <ClCompile Include="Direct3D10\D3D10EffectShaderVariable.cpp">
      <Filter>Source Files\D3D10\Effect</Filter>
    </ClCompile>
    <ClCompile Include="Direct3D10\D3D10EffectStringVariable.cpp">
      <Filter>Source Files\D3D10\Effect</Filter>
    </ClCompile>
    <ClCompile Include="Direct3D10\D3D10EffectTechnique.cpp">
      <Filter>Source Files\D3D10\Effect</Filter>
    </ClCompile>
    <ClCompile Include="Direct3D10\D3D10EffectType.cpp">
      <Filter>Source Files\D3D10\Effect</Filter>
    </ClCompile>
    <ClCompile Include="Direct3D10\D3D10EffectVariable.cpp">
      <Filter>Source Files\D3D10\Effect</Filter>
    </ClCompile>
    <ClCompile Include="Direct3D10\D3D10EffectVectorVariable.cpp">
      <Filter>Source Files\D3D10\Effect</Filter>
    </ClCompile>
    <ClCompile Include="Direct3D11\D3D11Asynchronous.cpp">
      <Filter>Source Files\D3D11\Core</Filter>
    </ClCompile>
    <ClCompile Include="Direct3D11\D3D11BlendState.cpp">
      <Filter>Source Files\D3D11\Core</Filter>
    </ClCompile>
    <ClCompile Include="Direct3D11\D3D11CommandList.cpp">
      <Filter>Source Files\D3D11\Core</Filter>
    </ClCompile>
    <ClCompile Include="Direct3D11\D3D11Counter.cpp">
      <Filter>Source Files\D3D11\Core</Filter>
    </ClCompile>
    <ClCompile Include="Direct3D11\D3D11DepthStencilState.cpp">
      <Filter>Source Files\D3D11\Core</Filter>
    </ClCompile>
    <ClCompile Include="Direct3D11\D3D11Device.cpp">
      <Filter>Source Files\D3D11\Core</Filter>
    </ClCompile>
    <ClCompile Include="Direct3D11\D3D11DeviceChild.cpp">
      <Filter>Source Files\D3D11\Core</Filter>
    </ClCompile>
    <ClCompile Include="Direct3D11\D3D11DeviceContext.cpp">
      <Filter>Source Files\D3D11\Core</Filter>
    </ClCompile>
    <ClCompile Include="Direct3D11\D3D11InputLayout.cpp">
      <Filter>Source Files\D3D11\Core</Filter>
    </ClCompile>
    <ClCompile Include="Direct3D11\D3D11Predicate.cpp">
      <Filter>Source Files\D3D11\Core</Filter>
    </ClCompile>
    <ClCompile Include="Direct3D11\D3D11Query.cpp">
      <Filter>Source Files\D3D11\Core</Filter>
    </ClCompile>
    <ClCompile Include="Direct3D11\D3D11RasterizerState.cpp">
      <Filter>Source Files\D3D11\Core</Filter>
    </ClCompile>
    <ClCompile Include="Direct3D11\D3D11SamplerState.cpp">
      <Filter>Source Files\D3D11\Core</Filter>
    </ClCompile>
    <ClCompile Include="Direct3D11\D3D11ComputeShaderPipelineStage.cpp">
      <Filter>Source Files\D3D11\Core\GraphicsPipeline</Filter>
    </ClCompile>
    <ClCompile Include="Direct3D11\D3D11DomainShaderPipelineStage.cpp">
      <Filter>Source Files\D3D11\Core\GraphicsPipeline</Filter>
    </ClCompile>
    <ClCompile Include="Direct3D11\D3D11GeometryShaderPipelineStage.cpp">
      <Filter>Source Files\D3D11\Core\GraphicsPipeline</Filter>
    </ClCompile>
    <ClCompile Include="Direct3D11\D3D11HullShaderPipelineStage.cpp">
      <Filter>Source Files\D3D11\Core\GraphicsPipeline</Filter>
    </ClCompile>
    <ClCompile Include="Direct3D11\D3D11InputAssemblerPipelineStage.cpp">
      <Filter>Source Files\D3D11\Core\GraphicsPipeline</Filter>
    </ClCompile>
    <ClCompile Include="Direct3D11\D3D11OutputMergerPipelineStage.cpp">
      <Filter>Source Files\D3D11\Core\GraphicsPipeline</Filter>
    </ClCompile>
    <ClCompile Include="Direct3D11\D3D11PipelineStage.cpp">
      <Filter>Source Files\D3D11\Core\GraphicsPipeline</Filter>
    </ClCompile>
    <ClCompile Include="Direct3D11\D3D11PixelShaderPipelineStage.cpp">
      <Filter>Source Files\D3D11\Core\GraphicsPipeline</Filter>
    </ClCompile>
    <ClCompile Include="Direct3D11\D3D11RasterizerPipelineStage.cpp">
      <Filter>Source Files\D3D11\Core\GraphicsPipeline</Filter>
    </ClCompile>
    <ClCompile Include="Direct3D11\D3D11StreamOutputPipelineStage.cpp">
      <Filter>Source Files\D3D11\Core\GraphicsPipeline</Filter>
    </ClCompile>
    <ClCompile Include="Direct3D11\D3D11VertexShaderPipelineStage.cpp">
      <Filter>Source Files\D3D11\Core\GraphicsPipeline</Filter>
    </ClCompile>
    <ClCompile Include="Direct3D11\D3D11Debug.cpp">
      <Filter>Source Files\D3D11\Layer</Filter>
    </ClCompile>
    <ClCompile Include="Direct3D11\D3D11InfoQueue.cpp">
      <Filter>Source Files\D3D11\Layer</Filter>
    </ClCompile>
    <ClCompile Include="Direct3D11\D3D11SwitchToRef.cpp">
      <Filter>Source Files\D3D11\Layer</Filter>
    </ClCompile>
    <ClCompile Include="Direct3D11\D3D11ClassInstance.cpp">
      <Filter>Source Files\D3D11\Shader</Filter>
    </ClCompile>
    <ClCompile Include="Direct3D11\D3D11ClassLinkage.cpp">
      <Filter>Source Files\D3D11\Shader</Filter>
    </ClCompile>
    <ClCompile Include="Direct3D11\D3D11ComputeShader.cpp">
      <Filter>Source Files\D3D11\Shader</Filter>
    </ClCompile>
    <ClCompile Include="Direct3D11\D3D11DomainShader.cpp">
      <Filter>Source Files\D3D11\Shader</Filter>
    </ClCompile>
    <ClCompile Include="Direct3D11\D3D11GeometryShader.cpp">
      <Filter>Source Files\D3D11\Shader</Filter>
    </ClCompile>
    <ClCompile Include="Direct3D11\D3D11HullShader.cpp">
      <Filter>Source Files\D3D11\Shader</Filter>
    </ClCompile>
    <ClCompile Include="Direct3D11\D3D11PixelShader.cpp">
      <Filter>Source Files\D3D11\Shader</Filter>
    </ClCompile>
    <ClCompile Include="Direct3D11\D3D11VertexShader.cpp">
      <Filter>Source Files\D3D11\Shader</Filter>
    </ClCompile>
    <ClCompile Include="Direct3D11\D3D11Buffer.cpp">
      <Filter>Source Files\D3D11\Resource</Filter>
    </ClCompile>
    <ClCompile Include="Direct3D11\D3D11DepthStencilView.cpp">
      <Filter>Source Files\D3D11\Resource</Filter>
    </ClCompile>
    <ClCompile Include="Direct3D11\D3D11RenderTargetView.cpp">
      <Filter>Source Files\D3D11\Resource</Filter>
    </ClCompile>
    <ClCompile Include="Direct3D11\D3D11Resource.cpp">
      <Filter>Source Files\D3D11\Resource</Filter>
    </ClCompile>
    <ClCompile Include="Direct3D11\D3D11ShaderResourceView.cpp">
      <Filter>Source Files\D3D11\Resource</Filter>
    </ClCompile>
    <ClCompile Include="Direct3D11\D3D11Texture1D.cpp">
      <Filter>Source Files\D3D11\Resource</Filter>
    </ClCompile>
    <ClCompile Include="Direct3D11\D3D11Texture2D.cpp">
      <Filter>Source Files\D3D11\Resource</Filter>
    </ClCompile>
    <ClCompile Include="Direct3D11\D3D11Texture3D.cpp">
      <Filter>Source Files\D3D11\Resource</Filter>
    </ClCompile>
    <ClCompile Include="Direct3D11\D3D11UnorderedAccessView.cpp">
      <Filter>Source Files\D3D11\Resource</Filter>
    </ClCompile>
    <ClCompile Include="Direct3D11\D3D11View.cpp">
      <Filter>Source Files\D3D11\Resource</Filter>
    </ClCompile>
    <ClCompile Include="Direct2D\D2DCustom.cpp">
      <Filter>Source Files\D2D1</Filter>
    </ClCompile>
    <ClCompile Include="Direct2D\D2DGeometrySink.cpp">
      <Filter>Source Files\D2D1</Filter>
    </ClCompile>
    <ClCompile Include="Direct2D\D2DInterfaces.cpp">
      <Filter>Source Files\D2D1</Filter>
    </ClCompile>
    <ClCompile Include="Direct2D\D2DStructs.cpp">
      <Filter>Source Files\D2D1</Filter>
    </ClCompile>
    <ClCompile Include="Direct2D\D2DTessellationSink.cpp">
      <Filter>Source Files\D2D1</Filter>
    </ClCompile>
    <ClCompile Include="WIC\WICBitmap.cpp">
      <Filter>Source Files\WIC</Filter>
    </ClCompile>
    <ClCompile Include="WIC\WICBitmapDecoder.cpp">
      <Filter>Source Files\WIC</Filter>
    </ClCompile>
    <ClCompile Include="WIC\WICBitmapFrameDecode.cpp">
      <Filter>Source Files\WIC</Filter>
    </ClCompile>
    <ClCompile Include="WIC\WICBitmapLock.cpp">
      <Filter>Source Files\WIC</Filter>
    </ClCompile>
    <ClCompile Include="WIC\WICBitmapSource.cpp">
      <Filter>Source Files\WIC</Filter>
    </ClCompile>
    <ClCompile Include="WIC\WICFormatConverter.cpp">
      <Filter>Source Files\WIC</Filter>
    </ClCompile>
    <ClCompile Include="WIC\WICImagingFactory.cpp">
      <Filter>Source Files\WIC</Filter>
    </ClCompile>
    <ClCompile Include="WIC\WICStreamWrapper.cpp">
      <Filter>Source Files\WIC</Filter>
    </ClCompile>
    <ClCompile Include="DirectWrite\DWriteFactory.cpp">
      <Filter>Source Files\DWrite</Filter>
    </ClCompile>
    <ClCompile Include="DirectWrite\DWriteFont.cpp">
      <Filter>Source Files\DWrite</Filter>
    </ClCompile>
    <ClCompile Include="DirectWrite\DWriteFontFace.cpp">
      <Filter>Source Files\DWrite</Filter>
    </ClCompile>
    <ClCompile Include="DirectWrite\DWriteFontFamily.cpp">
      <Filter>Source Files\DWrite</Filter>
    </ClCompile>
    <ClCompile Include="DirectWrite\DWriteFontFamilyCollection.cpp">
      <Filter>Source Files\DWrite</Filter>
    </ClCompile>
    <ClCompile Include="DirectWrite\DWriteInlineObject.cpp">
      <Filter>Source Files\DWrite</Filter>
    </ClCompile>
    <ClCompile Include="DirectWrite\DWriteRenderingParams.cpp">
      <Filter>Source Files\DWrite</Filter>
    </ClCompile>
    <ClCompile Include="DirectWrite\DWriteStructs.cpp">
      <Filter>Source Files\DWrite</Filter>
    </ClCompile>
    <ClCompile Include="DirectWrite\DWriteTextFormat.cpp">
      <Filter>Source Files\DWrite</Filter>
    </ClCompile>
    <ClCompile Include="DirectWrite\DWriteTextLayout.cpp">
      <Filter>Source Files\DWrite</Filter>
    </ClCompile>
    <ClCompile Include="DirectWrite\DWriteTypography.cpp">
      <Filter>Source Files\DWrite</Filter>
    </ClCompile>
    <ClCompile Include="DirectWrite\DWriteUtils.cpp">
      <Filter>Source Files\DWrite</Filter>
    </ClCompile>
    <ClCompile Include="DirectWrite\ICustomInlineObject.cpp">
      <Filter>Source Files\DWrite</Filter>
    </ClCompile>
    <ClCompile Include="Direct3DCommon\Direct3DException.cpp">
      <Filter>Source Files\D3DCommon</Filter>
    </ClCompile>
  </ItemGroup>
  <ItemGroup>
    <ClInclude Include="Stdafx.h">
      <Filter>Header Files</Filter>
    </ClInclude>
    <ClInclude Include="DXGI\DXGIAdapter.h">
      <Filter>Header Files\DXGI</Filter>
    </ClInclude>
    <ClInclude Include="DXGI\DXGIAdapter1.h">
      <Filter>Header Files\DXGI</Filter>
    </ClInclude>
    <ClInclude Include="DXGI\DXGIDevice.h">
      <Filter>Header Files\DXGI</Filter>
    </ClInclude>
    <ClInclude Include="DXGI\DXGIDevice1.h">
      <Filter>Header Files\DXGI</Filter>
    </ClInclude>
    <ClInclude Include="DXGI\DXGIDeviceSubObject.h">
      <Filter>Header Files\DXGI</Filter>
    </ClInclude>
    <ClInclude Include="DXGI\DXGIEnums.h">
      <Filter>Header Files\DXGI</Filter>
    </ClInclude>
    <ClInclude Include="DXGI\DXGIException.h">
      <Filter>Header Files\DXGI</Filter>
    </ClInclude>
    <ClInclude Include="DXGI\DXGIFactory.h">
      <Filter>Header Files\DXGI</Filter>
    </ClInclude>
    <ClInclude Include="DXGI\DXGIFactory1.h">
      <Filter>Header Files\DXGI</Filter>
    </ClInclude>
    <ClInclude Include="DXGI\DXGIKeyedMutex.h">
      <Filter>Header Files\DXGI</Filter>
    </ClInclude>
    <ClInclude Include="DXGI\DXGIObject.h">
      <Filter>Header Files\DXGI</Filter>
    </ClInclude>
    <ClInclude Include="DXGI\DXGIOutput.h">
      <Filter>Header Files\DXGI</Filter>
    </ClInclude>
    <ClInclude Include="DXGI\DXGIResource.h">
      <Filter>Header Files\DXGI</Filter>
    </ClInclude>
    <ClInclude Include="DXGI\DXGIStructs.h">
      <Filter>Header Files\DXGI</Filter>
    </ClInclude>
    <ClInclude Include="DXGI\DXGISurface.h">
      <Filter>Header Files\DXGI</Filter>
    </ClInclude>
    <ClInclude Include="DXGI\DXGISurface1.h">
      <Filter>Header Files\DXGI</Filter>
    </ClInclude>
    <ClInclude Include="DXGI\DXGISwapChain.h">
      <Filter>Header Files\DXGI</Filter>
    </ClInclude>
    <ClInclude Include="AllTypes.h">
      <Filter>Header Files\Common</Filter>
    </ClInclude>
    <ClInclude Include="AutoIUnknown.h">
      <Filter>Header Files\Common</Filter>
    </ClInclude>
    <ClInclude Include="AutoPointer.h">
      <Filter>Header Files\Common</Filter>
    </ClInclude>
    <ClInclude Include="CommonEnums.h">
      <Filter>Header Files\Common</Filter>
    </ClInclude>
    <ClInclude Include="CommonUtils.h">
      <Filter>Header Files\Common</Filter>
    </ClInclude>
    <ClInclude Include="Convert.h">
      <Filter>Header Files\Common</Filter>
    </ClInclude>
    <ClInclude Include="DirectHelpers.h">
      <Filter>Header Files\Common</Filter>
    </ClInclude>
    <ClInclude Include="DirectObject.h">
      <Filter>Header Files\Common</Filter>
    </ClInclude>
    <ClInclude Include="DirectUnknown.h">
      <Filter>Header Files\Common</Filter>
    </ClInclude>
    <ClInclude Include="DirectXException.h">
      <Filter>Header Files\Common</Filter>
    </ClInclude>
    <ClInclude Include="LibraryLoader.h">
      <Filter>Header Files\Common</Filter>
    </ClInclude>
    <ClInclude Include="Validate.h">
      <Filter>Header Files\Common</Filter>
    </ClInclude>
    <ClInclude Include="Direct3D10\D3D10Enums.h">
      <Filter>Header Files\D3D10</Filter>
    </ClInclude>
    <ClInclude Include="Direct3D10\D3D10Structs.h">
      <Filter>Header Files\D3D10</Filter>
    </ClInclude>
    <ClInclude Include="Direct3D10\D3D10Asynchronous.h">
      <Filter>Header Files\D3D10\Core</Filter>
    </ClInclude>
    <ClInclude Include="Direct3D10\D3D10BlendState.h">
      <Filter>Header Files\D3D10\Core</Filter>
    </ClInclude>
    <ClInclude Include="Direct3D10\D3D10BlendState1.h">
      <Filter>Header Files\D3D10\Core</Filter>
    </ClInclude>
    <ClInclude Include="Direct3D10\D3D10Blob.h">
      <Filter>Header Files\D3D10\Core</Filter>
    </ClInclude>
    <ClInclude Include="Direct3D10\D3D10CheckCounterData.h">
      <Filter>Header Files\D3D10\Core</Filter>
    </ClInclude>
    <ClInclude Include="Direct3D10\D3D10Counter.h">
      <Filter>Header Files\D3D10\Core</Filter>
    </ClInclude>
    <ClInclude Include="Direct3D10\D3D10Debug.h">
      <Filter>Header Files\D3D10\Core</Filter>
    </ClInclude>
    <ClInclude Include="Direct3D10\D3D10DepthStencilState.h">
      <Filter>Header Files\D3D10\Core</Filter>
    </ClInclude>
    <ClInclude Include="Direct3D10\D3D10Device.h">
      <Filter>Header Files\D3D10\Core</Filter>
    </ClInclude>
    <ClInclude Include="Direct3D10\D3D10Device1.h">
      <Filter>Header Files\D3D10\Core</Filter>
    </ClInclude>
    <ClInclude Include="Direct3D10\D3D10DeviceChild.h">
      <Filter>Header Files\D3D10\Core</Filter>
    </ClInclude>
    <ClInclude Include="Direct3D10\D3D10Include.h">
      <Filter>Header Files\D3D10\Core</Filter>
    </ClInclude>
    <ClInclude Include="Direct3D10\D3D10InfoQueue.h">
      <Filter>Header Files\D3D10\Core</Filter>
    </ClInclude>
    <ClInclude Include="Direct3D10\D3D10InputLayout.h">
      <Filter>Header Files\D3D10\Core</Filter>
    </ClInclude>
    <ClInclude Include="Direct3D10\D3D10Multithread.h">
      <Filter>Header Files\D3D10\Core</Filter>
    </ClInclude>
    <ClInclude Include="Direct3D10\D3D10Predicate.h">
      <Filter>Header Files\D3D10\Core</Filter>
    </ClInclude>
    <ClInclude Include="Direct3D10\D3D10Query.h">
      <Filter>Header Files\D3D10\Core</Filter>
    </ClInclude>
    <ClInclude Include="Direct3D10\D3D10RasterizerState.h">
      <Filter>Header Files\D3D10\Core</Filter>
    </ClInclude>
    <ClInclude Include="Direct3D10\D3D10SamplerState.h">
      <Filter>Header Files\D3D10\Core</Filter>
    </ClInclude>
    <ClInclude Include="Direct3D10\D3D10StateBlock.h">
      <Filter>Header Files\D3D10\Core</Filter>
    </ClInclude>
    <ClInclude Include="Direct3D10\D3D10StateBlockMask.h">
      <Filter>Header Files\D3D10\Core</Filter>
    </ClInclude>
    <ClInclude Include="Direct3D10\D3D10SwitchToRef.h">
      <Filter>Header Files\D3D10\Core</Filter>
    </ClInclude>
    <ClInclude Include="Direct3D10\D3D10GeometryShaderPipelineStage.h">
      <Filter>Header Files\D3D10\Core\GraphicsPipeline</Filter>
    </ClInclude>
    <ClInclude Include="Direct3D10\D3D10InputAssemblerPipelineStage.h">
      <Filter>Header Files\D3D10\Core\GraphicsPipeline</Filter>
    </ClInclude>
    <ClInclude Include="Direct3D10\D3D10OutputMergerBlendState.h">
      <Filter>Header Files\D3D10\Core\GraphicsPipeline</Filter>
    </ClInclude>
    <ClInclude Include="Direct3D10\D3D10OutputMergerPipelineStage.h">
      <Filter>Header Files\D3D10\Core\GraphicsPipeline</Filter>
    </ClInclude>
    <ClInclude Include="Direct3D10\D3D10OutputMergerRenderTargets.h">
      <Filter>Header Files\D3D10\Core\GraphicsPipeline</Filter>
    </ClInclude>
    <ClInclude Include="Direct3D10\D3D10PipelineStage.h">
      <Filter>Header Files\D3D10\Core\GraphicsPipeline</Filter>
    </ClInclude>
    <ClInclude Include="Direct3D10\D3D10PixelShaderPipelineStage.h">
      <Filter>Header Files\D3D10\Core\GraphicsPipeline</Filter>
    </ClInclude>
    <ClInclude Include="Direct3D10\D3D10RasterizerPipelineStage.h">
      <Filter>Header Files\D3D10\Core\GraphicsPipeline</Filter>
    </ClInclude>
    <ClInclude Include="Direct3D10\D3D10StreamOutputPipelineStage.h">
      <Filter>Header Files\D3D10\Core\GraphicsPipeline</Filter>
    </ClInclude>
    <ClInclude Include="Direct3D10\D3D10VertexShaderPipelineStage.h">
      <Filter>Header Files\D3D10\Core\GraphicsPipeline</Filter>
    </ClInclude>
    <ClInclude Include="Direct3D10\D3D10Effect.h">
      <Filter>Header Files\D3D10\Effect</Filter>
    </ClInclude>
    <ClInclude Include="Direct3D10\D3D10EffectBlendVariable.h">
      <Filter>Header Files\D3D10\Effect</Filter>
    </ClInclude>
    <ClInclude Include="Direct3D10\D3D10EffectConstantBuffer.h">
      <Filter>Header Files\D3D10\Effect</Filter>
    </ClInclude>
    <ClInclude Include="Direct3D10\D3D10EffectDepthStencilVariable.h">
      <Filter>Header Files\D3D10\Effect</Filter>
    </ClInclude>
    <ClInclude Include="Direct3D10\D3D10EffectDepthStencilViewVariable.h">
      <Filter>Header Files\D3D10\Effect</Filter>
    </ClInclude>
    <ClInclude Include="Direct3D10\D3D10EffectMatrixVariable.h">
      <Filter>Header Files\D3D10\Effect</Filter>
    </ClInclude>
    <ClInclude Include="Direct3D10\D3D10EffectPass.h">
      <Filter>Header Files\D3D10\Effect</Filter>
    </ClInclude>
    <ClInclude Include="Direct3D10\D3D10EffectPool.h">
      <Filter>Header Files\D3D10\Effect</Filter>
    </ClInclude>
    <ClInclude Include="Direct3D10\D3D10EffectRasterizerVariable.h">
      <Filter>Header Files\D3D10\Effect</Filter>
    </ClInclude>
    <ClInclude Include="Direct3D10\D3D10EffectRenderTargetViewVariable.h">
      <Filter>Header Files\D3D10\Effect</Filter>
    </ClInclude>
    <ClInclude Include="Direct3D10\D3D10EffectSamplerVariable.h">
      <Filter>Header Files\D3D10\Effect</Filter>
    </ClInclude>
    <ClInclude Include="Direct3D10\D3D10EffectScalarVariable.h">
      <Filter>Header Files\D3D10\Effect</Filter>
    </ClInclude>
    <ClInclude Include="Direct3D10\D3D10EffectShaderResourceVariable.h">
      <Filter>Header Files\D3D10\Effect</Filter>
    </ClInclude>
    <ClInclude Include="Direct3D10\D3D10EffectShaderVariable.h">
      <Filter>Header Files\D3D10\Effect</Filter>
    </ClInclude>
    <ClInclude Include="Direct3D10\D3D10EffectStringVariable.h">
      <Filter>Header Files\D3D10\Effect</Filter>
    </ClInclude>
    <ClInclude Include="Direct3D10\D3D10EffectTechnique.h">
      <Filter>Header Files\D3D10\Effect</Filter>
    </ClInclude>
    <ClInclude Include="Direct3D10\D3D10EffectType.h">
      <Filter>Header Files\D3D10\Effect</Filter>
    </ClInclude>
    <ClInclude Include="Direct3D10\D3D10EffectVariable.h">
      <Filter>Header Files\D3D10\Effect</Filter>
    </ClInclude>
    <ClInclude Include="Direct3D10\D3D10EffectVectorVariable.h">
      <Filter>Header Files\D3D10\Effect</Filter>
    </ClInclude>
    <ClInclude Include="Direct3D10\D3D10GeometryShader.h">
      <Filter>Header Files\D3D10\Shader</Filter>
    </ClInclude>
    <ClInclude Include="Direct3D10\D3D10PixelShader.h">
      <Filter>Header Files\D3D10\Shader</Filter>
    </ClInclude>
    <ClInclude Include="Direct3D10\D3D10ShaderReflection.h">
      <Filter>Header Files\D3D10\Shader</Filter>
    </ClInclude>
    <ClInclude Include="Direct3D10\D3D10ShaderReflection1.h">
      <Filter>Header Files\D3D10\Shader</Filter>
    </ClInclude>
    <ClInclude Include="Direct3D10\D3D10ShaderReflectionConstantBuffer.h">
      <Filter>Header Files\D3D10\Shader</Filter>
    </ClInclude>
    <ClInclude Include="Direct3D10\D3D10ShaderReflectionType.h">
      <Filter>Header Files\D3D10\Shader</Filter>
    </ClInclude>
    <ClInclude Include="Direct3D10\D3D10ShaderReflectionVariable.h">
      <Filter>Header Files\D3D10\Shader</Filter>
    </ClInclude>
    <ClInclude Include="Direct3D10\D3D10VertexShader.h">
      <Filter>Header Files\D3D10\Shader</Filter>
    </ClInclude>
    <ClInclude Include="Direct3D10\D3D10Buffer.h">
      <Filter>Header Files\D3D10\Resource</Filter>
    </ClInclude>
    <ClInclude Include="Direct3D10\D3D10DepthStencilView.h">
      <Filter>Header Files\D3D10\Resource</Filter>
    </ClInclude>
    <ClInclude Include="Direct3D10\D3D10RenderTargetView.h">
      <Filter>Header Files\D3D10\Resource</Filter>
    </ClInclude>
    <ClInclude Include="Direct3D10\D3D10Resource.h">
      <Filter>Header Files\D3D10\Resource</Filter>
    </ClInclude>
    <ClInclude Include="Direct3D10\D3D10ShaderResourceView.h">
      <Filter>Header Files\D3D10\Resource</Filter>
    </ClInclude>
    <ClInclude Include="Direct3D10\D3D10ShaderResourceView1.h">
      <Filter>Header Files\D3D10\Resource</Filter>
    </ClInclude>
    <ClInclude Include="Direct3D10\D3D10Texture1D.h">
      <Filter>Header Files\D3D10\Resource</Filter>
    </ClInclude>
    <ClInclude Include="Direct3D10\D3D10Texture2D.h">
      <Filter>Header Files\D3D10\Resource</Filter>
    </ClInclude>
    <ClInclude Include="Direct3D10\D3D10Texture3D.h">
      <Filter>Header Files\D3D10\Resource</Filter>
    </ClInclude>
    <ClInclude Include="Direct3D10\D3D10View.h">
      <Filter>Header Files\D3D10\Resource</Filter>
    </ClInclude>
    <ClInclude Include="Direct3D11\D3D11Enums.h">
      <Filter>Header Files\D3D11</Filter>
    </ClInclude>
    <ClInclude Include="Direct3D11\D3D11Structs.h">
      <Filter>Header Files\D3D11</Filter>
    </ClInclude>
    <ClInclude Include="Direct3D11\D3D11Asynchronous.h">
      <Filter>Header Files\D3D11\Core</Filter>
    </ClInclude>
    <ClInclude Include="Direct3D11\D3D11BlendState.h">
      <Filter>Header Files\D3D11\Core</Filter>
    </ClInclude>
    <ClInclude Include="Direct3D11\D3D11CheckCounterData.h">
      <Filter>Header Files\D3D11\Core</Filter>
    </ClInclude>
    <ClInclude Include="Direct3D11\D3D11CommandList.h">
      <Filter>Header Files\D3D11\Core</Filter>
    </ClInclude>
    <ClInclude Include="Direct3D11\D3D11Counter.h">
      <Filter>Header Files\D3D11\Core</Filter>
    </ClInclude>
    <ClInclude Include="Direct3D11\D3D11DepthStencilState.h">
      <Filter>Header Files\D3D11\Core</Filter>
    </ClInclude>
    <ClInclude Include="Direct3D11\D3D11Device.h">
      <Filter>Header Files\D3D11\Core</Filter>
    </ClInclude>
    <ClInclude Include="Direct3D11\D3D11DeviceChild.h">
      <Filter>Header Files\D3D11\Core</Filter>
    </ClInclude>
    <ClInclude Include="Direct3D11\D3D11DeviceContext.h">
      <Filter>Header Files\D3D11\Core</Filter>
    </ClInclude>
    <ClInclude Include="Direct3D11\D3D11InputLayout.h">
      <Filter>Header Files\D3D11\Core</Filter>
    </ClInclude>
    <ClInclude Include="Direct3D11\D3D11Predicate.h">
      <Filter>Header Files\D3D11\Core</Filter>
    </ClInclude>
    <ClInclude Include="Direct3D11\D3D11Query.h">
      <Filter>Header Files\D3D11\Core</Filter>
    </ClInclude>
    <ClInclude Include="Direct3D11\D3D11RasterizerState.h">
      <Filter>Header Files\D3D11\Core</Filter>
    </ClInclude>
    <ClInclude Include="Direct3D11\D3D11SamplerState.h">
      <Filter>Header Files\D3D11\Core</Filter>
    </ClInclude>
    <ClInclude Include="Direct3D11\D3D11ComputeShaderPipelineStage.h">
      <Filter>Header Files\D3D11\Core\GraphicsPipeline</Filter>
    </ClInclude>
    <ClInclude Include="Direct3D11\D3D11DomainShaderPipelineStage.h">
      <Filter>Header Files\D3D11\Core\GraphicsPipeline</Filter>
    </ClInclude>
    <ClInclude Include="Direct3D11\D3D11GeometryShaderPipelineStage.h">
      <Filter>Header Files\D3D11\Core\GraphicsPipeline</Filter>
    </ClInclude>
    <ClInclude Include="Direct3D11\D3D11HullShaderPipelineStage.h">
      <Filter>Header Files\D3D11\Core\GraphicsPipeline</Filter>
    </ClInclude>
    <ClInclude Include="Direct3D11\D3D11InputAssemblerPipelineStage.h">
      <Filter>Header Files\D3D11\Core\GraphicsPipeline</Filter>
    </ClInclude>
    <ClInclude Include="Direct3D11\D3D11OutputMergerBlendState.h">
      <Filter>Header Files\D3D11\Core\GraphicsPipeline</Filter>
    </ClInclude>
    <ClInclude Include="Direct3D11\D3D11OutputMergerPipelineStage.h">
      <Filter>Header Files\D3D11\Core\GraphicsPipeline</Filter>
    </ClInclude>
    <ClInclude Include="Direct3D11\D3D11OutputMergerRenderTargets.h">
      <Filter>Header Files\D3D11\Core\GraphicsPipeline</Filter>
    </ClInclude>
    <ClInclude Include="Direct3D11\D3D11PipelineStage.h">
      <Filter>Header Files\D3D11\Core\GraphicsPipeline</Filter>
    </ClInclude>
    <ClInclude Include="Direct3D11\D3D11PixelShaderPipelineStage.h">
      <Filter>Header Files\D3D11\Core\GraphicsPipeline</Filter>
    </ClInclude>
    <ClInclude Include="Direct3D11\D3D11RasterizerPipelineStage.h">
      <Filter>Header Files\D3D11\Core\GraphicsPipeline</Filter>
    </ClInclude>
    <ClInclude Include="Direct3D11\D3D11StreamOutputPipelineStage.h">
      <Filter>Header Files\D3D11\Core\GraphicsPipeline</Filter>
    </ClInclude>
    <ClInclude Include="Direct3D11\D3D11VertexShaderPipelineStage.h">
      <Filter>Header Files\D3D11\Core\GraphicsPipeline</Filter>
    </ClInclude>
    <ClInclude Include="Direct3D11\D3D11Debug.h">
      <Filter>Header Files\D3D11\Layer</Filter>
    </ClInclude>
    <ClInclude Include="Direct3D11\D3D11InfoQueue.h">
      <Filter>Header Files\D3D11\Layer</Filter>
    </ClInclude>
    <ClInclude Include="Direct3D11\D3D11SwitchToRef.h">
      <Filter>Header Files\D3D11\Layer</Filter>
    </ClInclude>
    <ClInclude Include="Direct3D11\D3D11ClassInstance.h">
      <Filter>Header Files\D3D11\Shader</Filter>
    </ClInclude>
    <ClInclude Include="Direct3D11\D3D11ClassLinkage.h">
      <Filter>Header Files\D3D11\Shader</Filter>
    </ClInclude>
    <ClInclude Include="Direct3D11\D3D11ComputeShader.h">
      <Filter>Header Files\D3D11\Shader</Filter>
    </ClInclude>
    <ClInclude Include="Direct3D11\D3D11DomainShader.h">
      <Filter>Header Files\D3D11\Shader</Filter>
    </ClInclude>
    <ClInclude Include="Direct3D11\D3D11GeometryShader.h">
      <Filter>Header Files\D3D11\Shader</Filter>
    </ClInclude>
    <ClInclude Include="Direct3D11\D3D11HullShader.h">
      <Filter>Header Files\D3D11\Shader</Filter>
    </ClInclude>
    <ClInclude Include="Direct3D11\D3D11PixelShader.h">
      <Filter>Header Files\D3D11\Shader</Filter>
    </ClInclude>
    <ClInclude Include="Direct3D11\D3D11ShaderAndClasses.h">
      <Filter>Header Files\D3D11\Shader</Filter>
    </ClInclude>
    <ClInclude Include="Direct3D11\D3D11VertexShader.h">
      <Filter>Header Files\D3D11\Shader</Filter>
    </ClInclude>
    <ClInclude Include="Direct3D11\D3D11Buffer.h">
      <Filter>Header Files\D3D11\Resource</Filter>
    </ClInclude>
    <ClInclude Include="Direct3D11\D3D11DepthStencilView.h">
      <Filter>Header Files\D3D11\Resource</Filter>
    </ClInclude>
    <ClInclude Include="Direct3D11\D3D11RenderTargetView.h">
      <Filter>Header Files\D3D11\Resource</Filter>
    </ClInclude>
    <ClInclude Include="Direct3D11\D3D11Resource.h">
      <Filter>Header Files\D3D11\Resource</Filter>
    </ClInclude>
    <ClInclude Include="Direct3D11\D3D11ShaderResourceView.h">
      <Filter>Header Files\D3D11\Resource</Filter>
    </ClInclude>
    <ClInclude Include="Direct3D11\D3D11Texture1D.h">
      <Filter>Header Files\D3D11\Resource</Filter>
    </ClInclude>
    <ClInclude Include="Direct3D11\D3D11Texture2D.h">
      <Filter>Header Files\D3D11\Resource</Filter>
    </ClInclude>
    <ClInclude Include="Direct3D11\D3D11Texture3D.h">
      <Filter>Header Files\D3D11\Resource</Filter>
    </ClInclude>
    <ClInclude Include="Direct3D11\D3D11UnorderedAccessView.h">
      <Filter>Header Files\D3D11\Resource</Filter>
    </ClInclude>
    <ClInclude Include="Direct3D11\D3D11View.h">
      <Filter>Header Files\D3D11\Resource</Filter>
    </ClInclude>
    <ClInclude Include="DirectWrite\DWriteEnums.h">
      <Filter>Header Files\DWrite</Filter>
    </ClInclude>
    <ClInclude Include="DirectWrite\DWriteFactory.h">
      <Filter>Header Files\DWrite</Filter>
    </ClInclude>
    <ClInclude Include="DirectWrite\DWriteFont.h">
      <Filter>Header Files\DWrite</Filter>
    </ClInclude>
    <ClInclude Include="DirectWrite\DWriteFontFace.h">
      <Filter>Header Files\DWrite</Filter>
    </ClInclude>
    <ClInclude Include="DirectWrite\DWriteFontFamily.h">
      <Filter>Header Files\DWrite</Filter>
    </ClInclude>
    <ClInclude Include="DirectWrite\DWriteFontFamilyCollection.h">
      <Filter>Header Files\DWrite</Filter>
    </ClInclude>
    <ClInclude Include="DirectWrite\DWriteInlineObject.h">
      <Filter>Header Files\DWrite</Filter>
    </ClInclude>
    <ClInclude Include="DirectWrite\DWriteRenderingParams.h">
      <Filter>Header Files\DWrite</Filter>
    </ClInclude>
    <ClInclude Include="DirectWrite\DWriteStructs.h">
      <Filter>Header Files\DWrite</Filter>
    </ClInclude>
    <ClInclude Include="DirectWrite\DWriteTextFormat.h">
      <Filter>Header Files\DWrite</Filter>
    </ClInclude>
    <ClInclude Include="DirectWrite\DWriteTextLayout.h">
      <Filter>Header Files\DWrite</Filter>
    </ClInclude>
    <ClInclude Include="DirectWrite\DWriteTypography.h">
      <Filter>Header Files\DWrite</Filter>
    </ClInclude>
    <ClInclude Include="DirectWrite\DWriteUtils.h">
      <Filter>Header Files\DWrite</Filter>
    </ClInclude>
    <ClInclude Include="DirectWrite\ICustomInlineObject.h">
      <Filter>Header Files\DWrite</Filter>
    </ClInclude>
    <ClInclude Include="Direct2D\D2DCommon.h">
      <Filter>Header Files\D2D1</Filter>
    </ClInclude>
    <ClInclude Include="Direct2D\D2DEnums.h">
      <Filter>Header Files\D2D1</Filter>
    </ClInclude>
    <ClInclude Include="Direct2D\D2DException.h">
      <Filter>Header Files\D2D1</Filter>
    </ClInclude>
    <ClInclude Include="Direct2D\D2DGeometrySink.h">
      <Filter>Header Files\D2D1</Filter>
    </ClInclude>
    <ClInclude Include="Direct2D\D2DInterfaces.h">
      <Filter>Header Files\D2D1</Filter>
    </ClInclude>
    <ClInclude Include="Direct2D\D2DInteropTypes.h">
      <Filter>Header Files\D2D1</Filter>
    </ClInclude>
    <ClInclude Include="Direct2D\D2DPointAndTangent.h">
      <Filter>Header Files\D2D1</Filter>
    </ClInclude>
    <ClInclude Include="Direct2D\D2DStructs.h">
      <Filter>Header Files\D2D1</Filter>
    </ClInclude>
    <ClInclude Include="Direct2D\D2DTessellationSink.h">
      <Filter>Header Files\D2D1</Filter>
    </ClInclude>
    <ClInclude Include="WIC\WICBitmap.h">
      <Filter>Header Files\WIC</Filter>
    </ClInclude>
    <ClInclude Include="WIC\WICBitmapDecoder.h">
      <Filter>Header Files\WIC</Filter>
    </ClInclude>
    <ClInclude Include="WIC\WICBitmapFrameDecode.h">
      <Filter>Header Files\WIC</Filter>
    </ClInclude>
    <ClInclude Include="WIC\WICBitmapLock.h">
      <Filter>Header Files\WIC</Filter>
    </ClInclude>
    <ClInclude Include="WIC\WICBitmapSource.h">
      <Filter>Header Files\WIC</Filter>
    </ClInclude>
    <ClInclude Include="WIC\WICContainerFormats.h">
      <Filter>Header Files\WIC</Filter>
    </ClInclude>
    <ClInclude Include="WIC\WICEnums.h">
      <Filter>Header Files\WIC</Filter>
    </ClInclude>
    <ClInclude Include="WIC\WICException.h">
      <Filter>Header Files\WIC</Filter>
    </ClInclude>
    <ClInclude Include="WIC\WICFormatConverter.h">
      <Filter>Header Files\WIC</Filter>
    </ClInclude>
    <ClInclude Include="WIC\WICImagingFactory.h">
      <Filter>Header Files\WIC</Filter>
    </ClInclude>
    <ClInclude Include="WIC\WICPixelFormats.h">
      <Filter>Header Files\WIC</Filter>
    </ClInclude>
    <ClInclude Include="WIC\WICStreamWrapper.h">
      <Filter>Header Files\WIC</Filter>
    </ClInclude>
    <ClInclude Include="WIC\WICStructs.h">
      <Filter>Header Files\WIC</Filter>
    </ClInclude>
    <ClInclude Include="Direct3DCommon\D3DCommonEnums.h">
      <Filter>Header Files\D3DCommon</Filter>
    </ClInclude>
    <ClInclude Include="Direct3DCommon\D3DCommonStructs.h">
      <Filter>Header Files\D3DCommon</Filter>
    </ClInclude>
    <ClInclude Include="Direct3DCommon\Direct3DException.h">
      <Filter>Header Files\D3DCommon</Filter>
    </ClInclude>
  </ItemGroup>
  <ItemGroup>
    <Xml Include="CodeAnalysisDictionary.xml" />
  </ItemGroup>
</Project>